
Microsoft Visual Studio Solution File, Format Version 12.00
# Visual Studio 15
VisualStudioVersion = 15.0.28307.271
MinimumVisualStudioVersion = 10.0.40219.1
Project("{FAE04EC0-301F-11D3-BF4B-00C04F79EFBC}") = "DependencyInjection", "DependencyInjection\DependencyInjection.csproj", "{45602783-D6CC-4E38-87BB-C572CCEE7E5C}"
EndProject
Project("{FAE04EC0-301F-11D3-BF4B-00C04F79EFBC}") = "DependencyInjection.Tests", "DependencyInjection.Tests\DependencyInjection.Tests.csproj", "{68EA7608-28FA-4BDB-B570-19FD2D7A903E}"
EndProject
Global
	GlobalSection(SolutionConfigurationPlatforms) = preSolution
		Debug|Any CPU = Debug|Any CPU
		Release|Any CPU = Release|Any CPU
	EndGlobalSection
	GlobalSection(ProjectConfigurationPlatforms) = postSolution
		{45602783-D6CC-4E38-87BB-C572CCEE7E5C}.Debug|Any CPU.ActiveCfg = Debug|Any CPU
		{45602783-D6CC-4E38-87BB-C572CCEE7E5C}.Debug|Any CPU.Build.0 = Debug|Any CPU
		{45602783-D6CC-4E38-87BB-C572CCEE7E5C}.Release|Any CPU.ActiveCfg = Release|Any CPU
		{45602783-D6CC-4E38-87BB-C572CCEE7E5C}.Release|Any CPU.Build.0 = Release|Any CPU
		{68EA7608-28FA-4BDB-B570-19FD2D7A903E}.Debug|Any CPU.ActiveCfg = Debug|Any CPU
		{68EA7608-28FA-4BDB-B570-19FD2D7A903E}.Debug|Any CPU.Build.0 = Debug|Any CPU
		{68EA7608-28FA-4BDB-B570-19FD2D7A903E}.Release|Any CPU.ActiveCfg = Release|Any CPU
		{68EA7608-28FA-4BDB-B570-19FD2D7A903E}.Release|Any CPU.Build.0 = Release|Any CPU
	EndGlobalSection
	GlobalSection(SolutionProperties) = preSolution
		HideSolutionNode = FALSE
	EndGlobalSection
	GlobalSection(ExtensibilityGlobals) = postSolution
		SolutionGuid = {1F667E3B-FCCA-43D8-96B5-B2D8312A5ADE}
	EndGlobalSection
EndGlobal
